PODS:
  - CodePush (5.2.1):
    - CodePush/Base64 (= 5.2.1)
    - CodePush/Core (= 5.2.1)
    - CodePush/JWT (= 5.2.1)
    - CodePush/SSZipArchive (= 5.2.1)
    - React
  - CodePush/Base64 (5.2.1):
    - React
  - CodePush/Core (5.2.1):
    - React
  - CodePush/JWT (5.2.1):
    - React
  - CodePush/SSZipArchive (5.2.1):
    - React
  - React (0.51.0):
    - React/Core (= 0.51.0)
  - react-native-navigation (1.1.315):
    - React
  - React/BatchedBridge (0.51.0):
    - React/Core
    - React/cxxreact_legacy
  - React/Core (0.51.0):
    - yoga (= 0.51.0.React)
  - React/cxxreact_legacy (0.51.0):
    - React/jschelpers_legacy
  - React/DevSupport (0.51.0):
    - React/Core
    - React/RCTWebSocket
  - React/fishhook (0.51.0)
  - React/jschelpers_legacy (0.51.0)
  - React/RCTAnimation (0.51.0):
    - React/Core
  - React/RCTBlob (0.51.0):
    - React/Core
  - React/RCTImage (0.51.0):
    - React/Core
    - React/RCTNetwork
  - React/RCTLinkingIOS (0.51.0):
    - React/Core
  - React/RCTNetwork (0.51.0):
    - React/Core
  - React/RCTPushNotification (0.51.0):
    - React/Core
  - React/RCTText (0.51.0):
    - React/Core
  - React/RCTWebSocket (0.51.0):
    - React/Core
    - React/fishhook
    - React/RCTBlob
  - yoga (0.51.0.React)

DEPENDENCIES:
  - CodePush (from `../node_modules/react-native-code-push`)
  - react-native-navigation (from `../node_modules/react-native-navigation`)
  - React/BatchedBridge (from `../node_modules/react-native`)
  - React/Core (from `../node_modules/react-native`)
  - React/DevSupport (from `../node_modules/react-native`)
  - React/RCTAnimation (from `../node_modules/react-native`)
  - React/RCTImage (from `../node_modules/react-native`)
  - React/RCTLinkingIOS (from `../node_modules/react-native`)
  - React/RCTNetwork (from `../node_modules/react-native`)
  - React/RCTPushNotification (from `../node_modules/react-native`)
  - React/RCTText (from `../node_modules/react-native`)
  - React/RCTWebSocket (from `../node_modules/react-native`)
  - yoga (from `../node_modules/react-native/ReactCommon/yoga`)

EXTERNAL SOURCES:
  CodePush:
    :path: ../node_modules/react-native-code-push
  React:
    :path: ../node_modules/react-native
  react-native-navigation:
    :path: ../node_modules/react-native-navigation
  yoga:
    :path: ../node_modules/react-native/ReactCommon/yoga

SPEC CHECKSUMS:
  CodePush: 9400969397b340ee26772b79fcadd1a48a0449dc
  React: 352f02f1db6e4744f9a758527e13e3fdefbbd6ba
  react-native-navigation: 60aab54b90c47d7501c99ae507d5091936a8bee3
  yoga: b5d96400ca8b2936965a7a6516da7c1177f432a3

PODFILE CHECKSUM: 4ecf38af1935198c705f8ea8ded236b1f7a35408

COCOAPODS: 1.3.1
