PODS:
  - CodePush (5.2.1):
    - CodePush/Base64 (= 5.2.1)
    - CodePush/Core (= 5.2.1)
    - CodePush/JWT (= 5.2.1)
    - CodePush/SSZipArchive (= 5.2.1)
    - React
  - CodePush/Base64 (5.2.1):
    - React
  - CodePush/Core (5.2.1):
    - React
  - CodePush/JWT (5.2.1):
    - React
  - CodePush/SSZipArchive (5.2.1):
    - React
  - Firebase/Core (4.8.1):
    - FirebaseAnalytics (= 4.0.7)
    - FirebaseCore (= 4.0.14)
  - FirebaseAnalytics (4.0.7):
    - FirebaseCore (~> 4.0)
    - FirebaseInstanceID (~> 2.0)
    - GoogleToolboxForMac/NSData+zlib (~> 2.1)
    - nanopb (~> 0.3)
  - FirebaseCore (4.0.14):
    - GoogleToolboxForMac/NSData+zlib (~> 2.1)
  - FirebaseInstanceID (2.0.8):
    - FirebaseCore (~> 4.0)
  - GoogleToolboxForMac/Defines (2.1.3)
  - GoogleToolboxForMac/NSData+zlib (2.1.3):
    - GoogleToolboxForMac/Defines (= 2.1.3)
  - KSCrash/Core (1.15.16):
    - KSCrash/Reporting/Filters/Basic
  - KSCrash/Recording (1.15.16):
    - KSCrash/Recording/Tools (= 1.15.16)
  - KSCrash/Recording/Tools (1.15.16)
  - KSCrash/Reporting/Filters/Base (1.15.16):
    - KSCrash/Recording
  - KSCrash/Reporting/Filters/Basic (1.15.16):
    - KSCrash/Recording
    - KSCrash/Reporting/Filters/Base
  - nanopb (0.3.8):
    - nanopb/decode (= 0.3.8)
    - nanopb/encode (= 0.3.8)
  - nanopb/decode (0.3.8)
  - nanopb/encode (0.3.8)
  - React (0.52.1):
    - React/Core (= 0.52.1)
  - react-native-config (0.11.5):
    - React
  - react-native-navigation (1.1.354):
    - React
  - React/BatchedBridge (0.52.1):
    - React/Core
    - React/cxxreact_legacy
  - React/Core (0.52.1):
    - yoga (= 0.52.1.React)
  - React/cxxreact_legacy (0.52.1):
    - React/jschelpers_legacy
    - React/jsinspector_legacy
  - React/DevSupport (0.52.1):
    - React/Core
    - React/RCTWebSocket
  - React/fishhook (0.52.1)
  - React/jschelpers_legacy (0.52.1)
  - React/jsinspector_legacy (0.52.1)
  - React/RCTActionSheet (0.52.1):
    - React/Core
  - React/RCTAnimation (0.52.1):
    - React/Core
  - React/RCTBlob (0.52.1):
    - React/Core
  - React/RCTImage (0.52.1):
    - React/Core
    - React/RCTNetwork
  - React/RCTLinkingIOS (0.52.1):
    - React/Core
  - React/RCTNetwork (0.52.1):
    - React/Core
  - React/RCTPushNotification (0.52.1):
    - React/Core
  - React/RCTText (0.52.1):
    - React/Core
  - React/RCTWebSocket (0.52.1):
    - React/Core
    - React/fishhook
    - React/RCTBlob
  - RNFirebase (3.2.2):
    - React
  - Sentry (3.10.0):
    - Sentry/Core (= 3.10.0)
    - Sentry/KSCrash (= 3.10.0)
  - Sentry/Core (3.10.0)
  - Sentry/KSCrash (3.10.0):
    - KSCrash/Core (~> 1.15.12)
  - SentryReactNative (0.33.0):
    - React
    - Sentry (~> 3.10.0)
    - Sentry/KSCrash (~> 3.10.0)
  - yoga (0.52.1.React)

DEPENDENCIES:
  - CodePush (from `../node_modules/react-native-code-push`)
  - Firebase/Core
  - react-native-config (from `../node_modules/react-native-config`)
  - react-native-navigation (from `../node_modules/react-native-navigation`)
  - React/BatchedBridge (from `../node_modules/react-native`)
  - React/Core (from `../node_modules/react-native`)
  - React/DevSupport (from `../node_modules/react-native`)
  - React/RCTActionSheet (from `../node_modules/react-native`)
  - React/RCTAnimation (from `../node_modules/react-native`)
  - React/RCTImage (from `../node_modules/react-native`)
  - React/RCTLinkingIOS (from `../node_modules/react-native`)
  - React/RCTNetwork (from `../node_modules/react-native`)
  - React/RCTPushNotification (from `../node_modules/react-native`)
  - React/RCTText (from `../node_modules/react-native`)
  - React/RCTWebSocket (from `../node_modules/react-native`)
  - RNFirebase (from `../node_modules/react-native-firebase/ios/RNFirebase.podspec`)
  - SentryReactNative (from `../node_modules/react-native-sentry`)
  - yoga (from `../node_modules/react-native/ReactCommon/yoga`)

EXTERNAL SOURCES:
  CodePush:
    :path: ../node_modules/react-native-code-push
  React:
    :path: ../node_modules/react-native
  react-native-config:
    :path: ../node_modules/react-native-config
  react-native-navigation:
    :path: ../node_modules/react-native-navigation
  RNFirebase:
    :path: ../node_modules/react-native-firebase/ios/RNFirebase.podspec
  SentryReactNative:
    :path: ../node_modules/react-native-sentry
  yoga:
    :path: ../node_modules/react-native/ReactCommon/yoga

SPEC CHECKSUMS:
  CodePush: af67b07310e4037ecd5c38f03c7a51c6350240b5
  Firebase: 2721056b8885eef90233b03f37be64358d35d262
  FirebaseAnalytics: 617afa8c26b57a0c3f11361b248bc9e17bfd8dfd
  FirebaseCore: 2e0b98fb2d64ca8140136beff15772bdd14d2dd7
  FirebaseInstanceID: 81df5805a08001e69138664bdd02c6719a9ac80f
  GoogleToolboxForMac: 2501e2ad72a52eb3dfe7bd9aee7dad11b858bd20
  KSCrash: e4cda5c8612c5f9478defcf43418f24870d313f4
  nanopb: 5601e6bca2dbf1ed831b519092ec110f66982ca3
  React: 43e97926f429d846050880666de1809e22dd5cc5
  react-native-config: 408003951fd9d8b1dfd7ebf535f67c315f44d823
  react-native-navigation: 5123ed223da9ded2957924347c602b278d239533
  RNFirebase: dff98ceb517ef0b5e1858deb59eca186acc6edb0
  Sentry: 546079394a729c35ba8c10332942c25f96cac921
  SentryReactNative: a306955d6c4b45954ff04d2fbeaa536f947f5ba4
  yoga: 55da126afc384965b96bff46652464373b330add

PODFILE CHECKSUM: 444da433df66426332f2a5f3c2877d18df72a59c

COCOAPODS: 1.4.0
